<?xml version="1.0" encoding="utf-8"?>
<Project ToolsVersion="4.0" xmlns="http://schemas.microsoft.com/developer/msbuild/2003">
  <ItemGroup>
    <ClCompile Include="..\..\src\box_actor.cpp" />
    <ClCompile Include="..\..\src\button.cpp" />
    <ClCompile Include="..\..\src\character.cpp" />
    <ClCompile Include="..\..\src\customer.cpp" />
    <ClCompile Include="..\..\src\debug_text.cpp" />
    <ClCompile Include="..\..\src\event.cpp" />
    <ClCompile Include="..\..\src\grid_entity.cpp" />
    <ClCompile Include="..\..\src\game.cpp" />
    <ClCompile Include="..\..\src\grocery_list.cpp" />
    <ClCompile Include="..\..\src\item.cpp" />
    <ClCompile Include="..\..\src\item_actor.cpp" />
    <ClCompile Include="..\..\src\item_manager.cpp" />
    <ClCompile Include="..\..\src\main.cpp" />
    <ClCompile Include="..\..\src\player.cpp" />
    <ClCompile Include="..\..\src\player_controller.cpp" />
    <ClCompile Include="..\..\src\shopper.cpp" />
    <ClCompile Include="..\..\src\shopper_controller.cpp" />
    <ClCompile Include="..\..\src\sprite_actor.cpp" />
    <ClCompile Include="..\..\src\tilemap.cpp" />
    <ClCompile Include="..\..\src\tile_actor.cpp" />
    <ClCompile Include="..\..\src\text_actor.cpp" />
    <ClCompile Include="..\..\lib\tmx_parser\TmxEllipse.cpp">
      <Filter>Tmx</Filter>
    </ClCompile>
    <ClCompile Include="..\..\lib\tmx_parser\TmxImage.cpp">
      <Filter>Tmx</Filter>
    </ClCompile>
    <ClCompile Include="..\..\lib\tmx_parser\TmxImageLayer.cpp">
      <Filter>Tmx</Filter>
    </ClCompile>
    <ClCompile Include="..\..\lib\tmx_parser\TmxLayer.cpp">
      <Filter>Tmx</Filter>
    </ClCompile>
    <ClCompile Include="..\..\lib\tmx_parser\TmxMap.cpp">
      <Filter>Tmx</Filter>
    </ClCompile>
    <ClCompile Include="..\..\lib\tmx_parser\TmxObject.cpp">
      <Filter>Tmx</Filter>
    </ClCompile>
    <ClCompile Include="..\..\lib\tmx_parser\TmxObjectGroup.cpp">
      <Filter>Tmx</Filter>
    </ClCompile>
    <ClCompile Include="..\..\lib\tmx_parser\TmxPolygon.cpp">
      <Filter>Tmx</Filter>
    </ClCompile>
    <ClCompile Include="..\..\lib\tmx_parser\TmxPolyline.cpp">
      <Filter>Tmx</Filter>
    </ClCompile>
    <ClCompile Include="..\..\lib\tmx_parser\TmxPropertySet.cpp">
      <Filter>Tmx</Filter>
    </ClCompile>
    <ClCompile Include="..\..\lib\tmx_parser\TmxTerrain.cpp">
      <Filter>Tmx</Filter>
    </ClCompile>
    <ClCompile Include="..\..\lib\tmx_parser\TmxTerrainArray.cpp">
      <Filter>Tmx</Filter>
    </ClCompile>
    <ClCompile Include="..\..\lib\tmx_parser\TmxTile.cpp">
      <Filter>Tmx</Filter>
    </ClCompile>
    <ClCompile Include="..\..\lib\tmx_parser\TmxTileLayer.cpp">
      <Filter>Tmx</Filter>
    </ClCompile>
    <ClCompile Include="..\..\lib\tmx_parser\TmxTileOffset.cpp">
      <Filter>Tmx</Filter>
    </ClCompile>
    <ClCompile Include="..\..\lib\tmx_parser\TmxTileset.cpp">
      <Filter>Tmx</Filter>
    </ClCompile>
    <ClCompile Include="..\..\lib\tmx_parser\TmxUtil.cpp">
      <Filter>Tmx</Filter>
    </ClCompile>
    <ClCompile Include="..\..\lib\tinyxml2\tinyxml2.cpp">
      <Filter>tinxml2</Filter>
    </ClCompile>
    <ClCompile Include="..\..\lib\zlib\adler32.c">
      <Filter>zlib</Filter>
    </ClCompile>
    <ClCompile Include="..\..\lib\tmx_parser\base64\base64.cpp">
      <Filter>zlib</Filter>
    </ClCompile>
    <ClCompile Include="..\..\lib\zlib\compress.c">
      <Filter>zlib</Filter>
    </ClCompile>
    <ClCompile Include="..\..\lib\zlib\crc32.c">
      <Filter>zlib</Filter>
    </ClCompile>
    <ClCompile Include="..\..\lib\zlib\deflate.c">
      <Filter>zlib</Filter>
    </ClCompile>
    <ClCompile Include="..\..\lib\zlib\gzclose.c">
      <Filter>zlib</Filter>
    </ClCompile>
    <ClCompile Include="..\..\lib\zlib\gzlib.c">
      <Filter>zlib</Filter>
    </ClCompile>
    <ClCompile Include="..\..\lib\zlib\gzread.c">
      <Filter>zlib</Filter>
    </ClCompile>
    <ClCompile Include="..\..\lib\zlib\gzwrite.c">
      <Filter>zlib</Filter>
    </ClCompile>
    <ClCompile Include="..\..\lib\zlib\infback.c">
      <Filter>zlib</Filter>
    </ClCompile>
    <ClCompile Include="..\..\lib\zlib\inffast.c">
      <Filter>zlib</Filter>
    </ClCompile>
    <ClCompile Include="..\..\lib\zlib\inflate.c">
      <Filter>zlib</Filter>
    </ClCompile>
    <ClCompile Include="..\..\lib\zlib\inftrees.c">
      <Filter>zlib</Filter>
    </ClCompile>
    <ClCompile Include="..\..\lib\tmx_parser\miniz.c">
      <Filter>zlib</Filter>
    </ClCompile>
    <ClCompile Include="..\..\lib\zlib\trees.c">
      <Filter>zlib</Filter>
    </ClCompile>
    <ClCompile Include="..\..\lib\zlib\uncompr.c">
      <Filter>zlib</Filter>
    </ClCompile>
    <ClCompile Include="..\..\lib\zlib\zutil.c">
      <Filter>zlib</Filter>
    </ClCompile>
  </ItemGroup>
  <ItemGroup>
    <ClInclude Include="..\..\src\actor.h" />
    <ClInclude Include="..\..\src\box_actor.h" />
    <ClInclude Include="..\..\src\button.h" />
    <ClInclude Include="..\..\src\character.h" />
    <ClInclude Include="..\..\src\character_controller.h" />
    <ClInclude Include="..\..\src\customer.h" />
    <ClInclude Include="..\..\src\debug_text.h" />
    <ClInclude Include="..\..\src\event.h" />
    <ClInclude Include="..\..\src\game.h" />
    <ClInclude Include="..\..\src\gfx_util.h" />
    <ClInclude Include="..\..\src\grid_entity.h" />
    <ClInclude Include="..\..\src\grocery_list.h" />
    <ClInclude Include="..\..\src\item.h" />
    <ClInclude Include="..\..\src\item_actor.h" />
    <ClInclude Include="..\..\src\item_manager.h" />
    <ClInclude Include="..\..\src\player.h" />
    <ClInclude Include="..\..\src\player_controller.h" />
    <ClInclude Include="..\..\src\shopper.h" />
    <ClInclude Include="..\..\src\shopper_controller.h" />
    <ClInclude Include="..\..\src\sprite_actor.h" />
    <ClInclude Include="..\..\src\tilemap.h" />
    <ClInclude Include="..\..\src\tile_actor.h" />
    <ClInclude Include="..\..\src\text_actor.h" />
    <ClInclude Include="..\..\lib\tmx_parser\TmxEllipse.h">
      <Filter>Tmx</Filter>
    </ClInclude>
    <ClInclude Include="..\..\lib\tmx_parser\TmxImage.h">
      <Filter>Tmx</Filter>
    </ClInclude>
    <ClInclude Include="..\..\lib\tmx_parser\TmxImageLayer.h">
      <Filter>Tmx</Filter>
    </ClInclude>
    <ClInclude Include="..\..\lib\tmx_parser\TmxLayer.h">
      <Filter>Tmx</Filter>
    </ClInclude>
    <ClInclude Include="..\..\lib\tmx_parser\TmxMap.h">
      <Filter>Tmx</Filter>
    </ClInclude>
    <ClInclude Include="..\..\lib\tmx_parser\TmxMapTile.h">
      <Filter>Tmx</Filter>
    </ClInclude>
    <ClInclude Include="..\..\lib\tmx_parser\TmxObject.h">
      <Filter>Tmx</Filter>
    </ClInclude>
    <ClInclude Include="..\..\lib\tmx_parser\TmxObjectGroup.h">
      <Filter>Tmx</Filter>
    </ClInclude>
    <ClInclude Include="..\..\lib\tmx_parser\TmxPoint.h">
      <Filter>Tmx</Filter>
    </ClInclude>
    <ClInclude Include="..\..\lib\tmx_parser\TmxPolygon.h">
      <Filter>Tmx</Filter>
    </ClInclude>
    <ClInclude Include="..\..\lib\tmx_parser\TmxPolyline.h">
      <Filter>Tmx</Filter>
    </ClInclude>
    <ClInclude Include="..\..\lib\tmx_parser\TmxPropertySet.h">
      <Filter>Tmx</Filter>
    </ClInclude>
    <ClInclude Include="..\..\lib\tmx_parser\TmxTerrain.h">
      <Filter>Tmx</Filter>
    </ClInclude>
    <ClInclude Include="..\..\lib\tmx_parser\TmxTerrainArray.h">
      <Filter>Tmx</Filter>
    </ClInclude>
    <ClInclude Include="..\..\lib\tmx_parser\TmxTile.h">
      <Filter>Tmx</Filter>
    </ClInclude>
    <ClInclude Include="..\..\lib\tmx_parser\TmxTileLayer.h">
      <Filter>Tmx</Filter>
    </ClInclude>
    <ClInclude Include="..\..\lib\tmx_parser\TmxTileOffset.h">
      <Filter>Tmx</Filter>
    </ClInclude>
    <ClInclude Include="..\..\lib\tmx_parser\TmxTileset.h">
      <Filter>Tmx</Filter>
    </ClInclude>
    <ClInclude Include="..\..\lib\tmx_parser\TmxUtil.h">
      <Filter>Tmx</Filter>
    </ClInclude>
    <ClInclude Include="..\..\lib\tinyxml2\tinyxml2.h">
      <Filter>tinxml2</Filter>
    </ClInclude>
    <ClInclude Include="..\..\lib\tmx_parser\base64\base64.h">
      <Filter>zlib</Filter>
    </ClInclude>
    <ClInclude Include="..\..\lib\zlib\crc32.h">
      <Filter>zlib</Filter>
    </ClInclude>
    <ClInclude Include="..\..\lib\zlib\deflate.h">
      <Filter>zlib</Filter>
    </ClInclude>
    <ClInclude Include="..\..\lib\zlib\gzguts.h">
      <Filter>zlib</Filter>
    </ClInclude>
    <ClInclude Include="..\..\lib\zlib\inffast.h">
      <Filter>zlib</Filter>
    </ClInclude>
    <ClInclude Include="..\..\lib\zlib\inffixed.h">
      <Filter>zlib</Filter>
    </ClInclude>
    <ClInclude Include="..\..\lib\zlib\inflate.h">
      <Filter>zlib</Filter>
    </ClInclude>
    <ClInclude Include="..\..\lib\zlib\inftrees.h">
      <Filter>zlib</Filter>
    </ClInclude>
    <ClInclude Include="..\..\lib\zlib\trees.h">
      <Filter>zlib</Filter>
    </ClInclude>
    <ClInclude Include="..\..\lib\zlib\zconf.h">
      <Filter>zlib</Filter>
    </ClInclude>
    <ClInclude Include="..\..\lib\zlib\zlib.h">
      <Filter>zlib</Filter>
    </ClInclude>
    <ClInclude Include="..\..\lib\zlib\zutil.h">
      <Filter>zlib</Filter>
    </ClInclude>
  </ItemGroup>
  <ItemGroup>
    <None Include="..\..\lib\tmx_parser\Tmx.h.in">
      <Filter>Tmx</Filter>
    </None>
    <None Include="..\..\lib\tmx_parser\tmxparser.pc.in">
      <Filter>Tmx</Filter>
    </None>
  </ItemGroup>
  <ItemGroup>
    <Filter Include="Tmx">
      <UniqueIdentifier>{4c8f7903-0f03-4fb9-b37e-a19dce53dbfc}</UniqueIdentifier>
    </Filter>
    <Filter Include="tinxml2">
      <UniqueIdentifier>{f08d6d32-e620-4a57-819f-176d84fa4a9a}</UniqueIdentifier>
    </Filter>
    <Filter Include="zlib">
      <UniqueIdentifier>{e97b8acd-0d44-4430-97ff-c1ba6b6a4fca}</UniqueIdentifier>
    </Filter>
  </ItemGroup>
</Project>